// !$*UTF8*$!
{
	archiveVersion = 1;
	classes = {
	};
	objectVersion = 55;
	objects = {

/* Begin PBXBuildFile section */
		29FCCA9A2757F50D00EF566E /* AppDelegate.swift in Sources */ = {isa = PBXBuildFile; fileRef = 29FCCA992757F50D00EF566E /* AppDelegate.swift */; };
		29FCCA9C2757F50D00EF566E /* SceneDelegate.swift in Sources */ = {isa = PBXBuildFile; fileRef = 29FCCA9B2757F50D00EF566E /* SceneDelegate.swift */; };
		29FCCA9E2757F50D00EF566E /* ViewController.swift in Sources */ = {isa = PBXBuildFile; fileRef = 29FCCA9D2757F50D00EF566E /* ViewController.swift */; };
		29FCCAA12757F50D00EF566E /* Main.storyboard in Resources */ = {isa = PBXBuildFile; fileRef = 29FCCA9F2757F50D00EF566E /* Main.storyboard */; };
		29FCCAA32757F50F00EF566E /* Assets.xcassets in Resources */ = {isa = PBXBuildFile; fileRef = 29FCCAA22757F50F00EF566E /* Assets.xcassets */; };
		29FCCAA62757F50F00EF566E /* LaunchScreen.storyboard in Resources */ = {isa = PBXBuildFile; fileRef = 29FCCAA42757F50F00EF566E /* LaunchScreen.storyboard */; };
		29FCCAB12757F50F00EF566E /* WhereAmITests.swift in Sources */ = {isa = PBXBuildFile; fileRef = 29FCCAB02757F50F00EF566E /* WhereAmITests.swift */; };
		29FCCABB2757F50F00EF566E /* WhereAmIUITests.swift in Sources */ = {isa = PBXBuildFile; fileRef = 29FCCABA2757F50F00EF566E /* WhereAmIUITests.swift */; };
		29FCCABD2757F50F00EF566E /* WhereAmIUITestsLaunchTests.swift in Sources */ = {isa = PBXBuildFile; fileRef = 29FCCABC2757F50F00EF566E /* WhereAmIUITestsLaunchTests.swift */; };
		29FCCACC2757F5F600EF566E /* MapKit.framework in Frameworks */ = {isa = PBXBuildFile; fileRef = 29FCCACA2757F5A400EF566E /* MapKit.framework */; };
		29FCCAD527580DF500EF566E /* LocationManager.swift in Sources */ = {isa = PBXBuildFile; fileRef = 29FCCAD427580DF500EF566E /* LocationManager.swift */; };
/* End PBXBuildFile section */

/* Begin PBXContainerItemProxy section */
		29FCCAAD2757F50F00EF566E /* PBXContainerItemProxy */ = {
			isa = PBXContainerItemProxy;
			containerPortal = 29FCCA8E2757F50D00EF566E /* Project object */;
			proxyType = 1;
			remoteGlobalIDString = 29FCCA952757F50D00EF566E;
			remoteInfo = WhereAmI;
		};
		29FCCAB72757F50F00EF566E /* PBXContainerItemProxy */ = {
			isa = PBXContainerItemProxy;
			containerPortal = 29FCCA8E2757F50D00EF566E /* Project object */;
			proxyType = 1;
			remoteGlobalIDString = 29FCCA952757F50D00EF566E;
			remoteInfo = WhereAmI;
		};
/* End PBXContainerItemProxy section */

/* Begin PBXFileReference section */
		29FCCA962757F50D00EF566E /* WhereAmI.app */ = {isa = PBXFileReference; explicitFileType = wrapper.application; includeInIndex = 0; path = WhereAmI.app; sourceTree = BUILT_PRODUCTS_DIR; };
		29FCCA992757F50D00EF566E /* AppDelegate.swift */ = {isa = PBXFileReference; lastKnownFileType = sourcecode.swift; path = AppDelegate.swift; sourceTree = "<group>"; };
		29FCCA9B2757F50D00EF566E /* SceneDelegate.swift */ = {isa = PBXFileReference; lastKnownFileType = sourcecode.swift; path = SceneDelegate.swift; sourceTree = "<group>"; };
		29FCCA9D2757F50D00EF566E /* ViewController.swift */ = {isa = PBXFileReference; lastKnownFileType = sourcecode.swift; path = ViewController.swift; sourceTree = "<group>"; };
		29FCCAA02757F50D00EF566E /* Base */ = {isa = PBXFileReference; lastKnownFileType = file.storyboard; name = Base; path = Base.lproj/Main.storyboard; sourceTree = "<group>"; };
		29FCCAA22757F50F00EF566E /* Assets.xcassets */ = {isa = PBXFileReference; lastKnownFileType = folder.assetcatalog; path = Assets.xcassets; sourceTree = "<group>"; };
		29FCCAA52757F50F00EF566E /* Base */ = {isa = PBXFileReference; lastKnownFileType = file.storyboard; name = Base; path = Base.lproj/LaunchScreen.storyboard; sourceTree = "<group>"; };
		29FCCAA72757F50F00EF566E /* Info.plist */ = {isa = PBXFileReference; lastKnownFileType = text.plist.xml; path = Info.plist; sourceTree = "<group>"; };
		29FCCAAC2757F50F00EF566E /* WhereAmITests.xctest */ = {isa = PBXFileReference; explicitFileType = wrapper.cfbundle; includeInIndex = 0; path = WhereAmITests.xctest; sourceTree = BUILT_PRODUCTS_DIR; };
		29FCCAB02757F50F00EF566E /* WhereAmITests.swift */ = {isa = PBXFileReference; lastKnownFileType = sourcecode.swift; path = WhereAmITests.swift; sourceTree = "<group>"; };
		29FCCAB62757F50F00EF566E /* WhereAmIUITests.xctest */ = {isa = PBXFileReference; explicitFileType = wrapper.cfbundle; includeInIndex = 0; path = WhereAmIUITests.xctest; sourceTree = BUILT_PRODUCTS_DIR; };
		29FCCABA2757F50F00EF566E /* WhereAmIUITests.swift */ = {isa = PBXFileReference; lastKnownFileType = sourcecode.swift; path = WhereAmIUITests.swift; sourceTree = "<group>"; };
		29FCCABC2757F50F00EF566E /* WhereAmIUITestsLaunchTests.swift */ = {isa = PBXFileReference; lastKnownFileType = sourcecode.swift; path = WhereAmIUITestsLaunchTests.swift; sourceTree = "<group>"; };
		29FCCACA2757F5A400EF566E /* MapKit.framework */ = {isa = PBXFileReference; lastKnownFileType = wrapper.framework; name = MapKit.framework; path = System/Library/Frameworks/MapKit.framework; sourceTree = SDKROOT; };
		29FCCAD427580DF500EF566E /* LocationManager.swift */ = {isa = PBXFileReference; fileEncoding = 4; lastKnownFileType = sourcecode.swift; path = LocationManager.swift; sourceTree = "<group>"; };
/* End PBXFileReference section */

/* Begin PBXFrameworksBuildPhase section */
		29FCCA932757F50D00EF566E /* Frameworks */ = {
			isa = PBXFrameworksBuildPhase;
			buildActionMask = 2147483647;
			files = (
				29FCCACC2757F5F600EF566E /* MapKit.framework in Frameworks */,
			);
			runOnlyForDeploymentPostprocessing = 0;
		};
		29FCCAA92757F50F00EF566E /* Frameworks */ = {
			isa = PBXFrameworksBuildPhase;
			buildActionMask = 2147483647;
			files = (
			);
			runOnlyForDeploymentPostprocessing = 0;
		};
		29FCCAB32757F50F00EF566E /* Frameworks */ = {
			isa = PBXFrameworksBuildPhase;
			buildActionMask = 2147483647;
			files = (
			);
			runOnlyForDeploymentPostprocessing = 0;
		};
/* End PBXFrameworksBuildPhase section */

/* Begin PBXGroup section */
		29FCCA8D2757F50D00EF566E = {
			isa = PBXGroup;
			children = (
				29FCCA982757F50D00EF566E /* WhereAmI */,
				29FCCAAF2757F50F00EF566E /* WhereAmITests */,
				29FCCAB92757F50F00EF566E /* WhereAmIUITests */,
				29FCCA972757F50D00EF566E /* Products */,
				29FCCAC92757F5A300EF566E /* Frameworks */,
			);
			sourceTree = "<group>";
		};
		29FCCA972757F50D00EF566E /* Products */ = {
			isa = PBXGroup;
			children = (
				29FCCA962757F50D00EF566E /* WhereAmI.app */,
				29FCCAAC2757F50F00EF566E /* WhereAmITests.xctest */,
				29FCCAB62757F50F00EF566E /* WhereAmIUITests.xctest */,
			);
			name = Products;
			sourceTree = "<group>";
		};
		29FCCA982757F50D00EF566E /* WhereAmI */ = {
			isa = PBXGroup;
			children = (
				29FCCA992757F50D00EF566E /* AppDelegate.swift */,
				29FCCA9B2757F50D00EF566E /* SceneDelegate.swift */,
				29FCCA9D2757F50D00EF566E /* ViewController.swift */,
				29FCCA9F2757F50D00EF566E /* Main.storyboard */,
				29FCCAD427580DF500EF566E /* LocationManager.swift */,
				29FCCAA22757F50F00EF566E /* Assets.xcassets */,
				29FCCAA42757F50F00EF566E /* LaunchScreen.storyboard */,
				29FCCAA72757F50F00EF566E /* Info.plist */,
			);
			path = WhereAmI;
			sourceTree = "<group>";
		};
		29FCCAAF2757F50F00EF566E /* WhereAmITests */ = {
			isa = PBXGroup;
			children = (
				29FCCAB02757F50F00EF566E /* WhereAmITests.swift */,
			);
			path = WhereAmITests;
			sourceTree = "<group>";
		};
		29FCCAB92757F50F00EF566E /* WhereAmIUITests */ = {
			isa = PBXGroup;
			children = (
				29FCCABA2757F50F00EF566E /* WhereAmIUITests.swift */,
				29FCCABC2757F50F00EF566E /* WhereAmIUITestsLaunchTests.swift */,
			);
			path = WhereAmIUITests;
			sourceTree = "<group>";
		};
		29FCCAC92757F5A300EF566E /* Frameworks */ = {
			isa = PBXGroup;
			children = (
				29FCCACA2757F5A400EF566E /* MapKit.framework */,
			);
			name = Frameworks;
			sourceTree = "<group>";
		};
/* End PBXGroup section */

/* Begin PBXNativeTarget section */
		29FCCA952757F50D00EF566E /* WhereAmI */ = {
			isa = PBXNativeTarget;
			buildConfigurationList = 29FCCAC02757F50F00EF566E /* Build configuration list for PBXNativeTarget "WhereAmI" */;
			buildPhases = (
				29FCCA922757F50D00EF566E /* Sources */,
				29FCCA932757F50D00EF566E /* Frameworks */,
				29FCCA942757F50D00EF566E /* Resources */,
			);
			buildRules = (
			);
			dependencies = (
			);
			name = WhereAmI;
			productName = WhereAmI;
			productReference = 29FCCA962757F50D00EF566E /* WhereAmI.app */;
			productType = "com.apple.product-type.application";
		};
		29FCCAAB2757F50F00EF566E /* WhereAmITests */ = {
			isa = PBXNativeTarget;
			buildConfigurationList = 29FCCAC32757F50F00EF566E /* Build configuration list for PBXNativeTarget "WhereAmITests" */;
			buildPhases = (
				29FCCAA82757F50F00EF566E /* Sources */,
				29FCCAA92757F50F00EF566E /* Frameworks */,
				29FCCAAA2757F50F00EF566E /* Resources */,
			);
			buildRules = (
			);
			dependencies = (
				29FCCAAE2757F50F00EF566E /* PBXTargetDependency */,
			);
			name = WhereAmITests;
			productName = WhereAmITests;
			productReference = 29FCCAAC2757F50F00EF566E /* WhereAmITests.xctest */;
			productType = "com.apple.product-type.bundle.unit-test";
		};
		29FCCAB52757F50F00EF566E /* WhereAmIUITests */ = {
			isa = PBXNativeTarget;
			buildConfigurationList = 29FCCAC62757F50F00EF566E /* Build configuration list for PBXNativeTarget "WhereAmIUITests" */;
			buildPhases = (
				29FCCAB22757F50F00EF566E /* Sources */,
				29FCCAB32757F50F00EF566E /* Frameworks */,
				29FCCAB42757F50F00EF566E /* Resources */,
			);
			buildRules = (
			);
			dependencies = (
				29FCCAB82757F50F00EF566E /* PBXTargetDependency */,
			);
			name = WhereAmIUITests;
			productName = WhereAmIUITests;
			productReference = 29FCCAB62757F50F00EF566E /* WhereAmIUITests.xctest */;
			productType = "com.apple.product-type.bundle.ui-testing";
		};
/* End PBXNativeTarget section */

/* Begin PBXProject section */
		29FCCA8E2757F50D00EF566E /* Project object */ = {
			isa = PBXProject;
			attributes = {
				BuildIndependentTargetsInParallel = 1;
				LastSwiftUpdateCheck = 1300;
				LastUpgradeCheck = 1300;
				TargetAttributes = {
					29FCCA952757F50D00EF566E = {
						CreatedOnToolsVersion = 13.0;
					};
					29FCCAAB2757F50F00EF566E = {
						CreatedOnToolsVersion = 13.0;
						TestTargetID = 29FCCA952757F50D00EF566E;
					};
					29FCCAB52757F50F00EF566E = {
						CreatedOnToolsVersion = 13.0;
						TestTargetID = 29FCCA952757F50D00EF566E;
					};
				};
			};
			buildConfigurationList = 29FCCA912757F50D00EF566E /* Build configuration list for PBXProject "WhereAmI" */;
			compatibilityVersion = "Xcode 13.0";
			developmentRegion = en;
			hasScannedForEncodings = 0;
			knownRegions = (
				en,
				Base,
			);
			mainGroup = 29FCCA8D2757F50D00EF566E;
			packageReferences = (
			);
			productRefGroup = 29FCCA972757F50D00EF566E /* Products */;
			projectDirPath = "";
			projectRoot = "";
			targets = (
				29FCCA952757F50D00EF566E /* WhereAmI */,
				29FCCAAB2757F50F00EF566E /* WhereAmITests */,
				29FCCAB52757F50F00EF566E /* WhereAmIUITests */,
			);
		};
/* End PBXProject section */

/* Begin PBXResourcesBuildPhase section */
		29FCCA942757F50D00EF566E /* Resources */ = {
			isa = PBXResourcesBuildPhase;
			buildActionMask = 2147483647;
			files = (
				29FCCAA62757F50F00EF566E /* LaunchScreen.storyboard in Resources */,
				29FCCAA32757F50F00EF566E /* Assets.xcassets in Resources */,
				29FCCAA12757F50D00EF566E /* Main.storyboard in Resources */,
			);
			runOnlyForDeploymentPostprocessing = 0;
		};
		29FCCAAA2757F50F00EF566E /* Resources */ = {
			isa = PBXResourcesBuildPhase;
			buildActionMask = 2147483647;
			files = (
			);
			runOnlyForDeploymentPostprocessing = 0;
		};
		29FCCAB42757F50F00EF566E /* Resources */ = {
			isa = PBXResourcesBuildPhase;
			buildActionMask = 2147483647;
			files = (
			);
			runOnlyForDeploymentPostprocessing = 0;
		};
/* End PBXResourcesBuildPhase section */

/* Begin PBXSourcesBuildPhase section */
		29FCCA922757F50D00EF566E /* Sources */ = {
			isa = PBXSourcesBuildPhase;
			buildActionMask = 2147483647;
			files = (
				29FCCAD527580DF500EF566E /* LocationManager.swift in Sources */,
				29FCCA9E2757F50D00EF566E /* ViewController.swift in Sources */,
				29FCCA9A2757F50D00EF566E /* AppDelegate.swift in Sources */,
				29FCCA9C2757F50D00EF566E /* SceneDelegate.swift in Sources */,
			);
			runOnlyForDeploymentPostprocessing = 0;
		};
		29FCCAA82757F50F00EF566E /* Sources */ = {
			isa = PBXSourcesBuildPhase;
			buildActionMask = 2147483647;
			files = (
				29FCCAB12757F50F00EF566E /* WhereAmITests.swift in Sources */,
			);
			runOnlyForDeploymentPostprocessing = 0;
		};
		29FCCAB22757F50F00EF566E /* Sources */ = {
			isa = PBXSourcesBuildPhase;
			buildActionMask = 2147483647;
			files = (
				29FCCABD2757F50F00EF566E /* WhereAmIUITestsLaunchTests.swift in Sources */,
				29FCCABB2757F50F00EF566E /* WhereAmIUITests.swift in Sources */,
			);
			runOnlyForDeploymentPostprocessing = 0;
		};
/* End PBXSourcesBuildPhase section */

/* Begin PBXTargetDependency section */
		29FCCAAE2757F50F00EF566E /* PBXTargetDependency */ = {
			isa = PBXTargetDependency;
			target = 29FCCA952757F50D00EF566E /* WhereAmI */;
			targetProxy = 29FCCAAD2757F50F00EF566E /* PBXContainerItemProxy */;
		};
		29FCCAB82757F50F00EF566E /* PBXTargetDependency */ = {
			isa = PBXTargetDependency;
			target = 29FCCA952757F50D00EF566E /* WhereAmI */;
			targetProxy = 29FCCAB72757F50F00EF566E /* PBXContainerItemProxy */;
		};
/* End PBXTargetDependency section */

/* Begin PBXVariantGroup section */
		29FCCA9F2757F50D00EF566E /* Main.storyboard */ = {
			isa = PBXVariantGroup;
			children = (
				29FCCAA02757F50D00EF566E /* Base */,
			);
			name = Main.storyboard;
			sourceTree = "<group>";
		};
		29FCCAA42757F50F00EF566E /* LaunchScreen.storyboard */ = {
			isa = PBXVariantGroup;
			children = (
				29FCCAA52757F50F00EF566E /* Base */,
			);
			name = LaunchScreen.storyboard;
			sourceTree = "<group>";
		};
/* End PBXVariantGroup section */

/* Begin XCBuildConfiguration section */
		29FCCABE2757F50F00EF566E /* Debug */ = {
			isa = XCBuildConfiguration;
			buildSettings = {
				ALWAYS_SEARCH_USER_PATHS = NO;
				CLANG_ANALYZER_NONNULL = YES;
				CLANG_ANALYZER_NUMBER_OBJECT_CONVERSION = YES_AGGRESSIVE;
				CLANG_CXX_LANGUAGE_STANDARD = "gnu++17";
				CLANG_CXX_LIBRARY = "libc++";
				CLANG_ENABLE_MODULES = YES;
				CLANG_ENABLE_OBJC_ARC = YES;
				CLANG_ENABLE_OBJC_WEAK = YES;
				CLANG_WARN_BLOCK_CAPTURE_AUTORELEASING = YES;
				CLANG_WARN_BOOL_CONVERSION = YES;
				CLANG_WARN_COMMA = YES;
				CLANG_WARN_CONSTANT_CONVERSION = YES;
				CLANG_WARN_DEPRECATED_OBJC_IMPLEMENTATIONS = YES;
				CLANG_WARN_DIRECT_OBJC_ISA_USAGE = YES_ERROR;
				CLANG_WARN_DOCUMENTATION_COMMENTS = YES;
				CLANG_WARN_EMPTY_BODY = YES;
				CLANG_WARN_ENUM_CONVERSION = YES;
				CLANG_WARN_INFINITE_RECURSION = YES;
				CLANG_WARN_INT_CONVERSION = YES;
				CLANG_WARN_NON_LITERAL_NULL_CONVERSION = YES;
				CLANG_WARN_OBJC_IMPLICIT_RETAIN_SELF = YES;
				CLANG_WARN_OBJC_LITERAL_CONVERSION = YES;
				CLANG_WARN_OBJC_ROOT_CLASS = YES_ERROR;
				CLANG_WARN_QUOTED_INCLUDE_IN_FRAMEWORK_HEADER = YES;
				CLANG_WARN_RANGE_LOOP_ANALYSIS = YES;
				CLANG_WARN_STRICT_PROTOTYPES = YES;
				CLANG_WARN_SUSPICIOUS_MOVE = YES;
				CLANG_WARN_UNGUARDED_AVAILABILITY = YES_AGGRESSIVE;
				CLANG_WARN_UNREACHABLE_CODE = YES;
				CLANG_WARN__DUPLICATE_METHOD_MATCH = YES;
				COPY_PHASE_STRIP = NO;
				DEBUG_INFORMATION_FORMAT = dwarf;
				ENABLE_STRICT_OBJC_MSGSEND = YES;
				ENABLE_TESTABILITY = YES;
				GCC_C_LANGUAGE_STANDARD = gnu11;
				GCC_DYNAMIC_NO_PIC = NO;
				GCC_NO_COMMON_BLOCKS = YES;
				GCC_OPTIMIZATION_LEVEL = 0;
				GCC_PREPROCESSOR_DEFINITIONS = (
					"DEBUG=1",
					"$(inherited)",
				);
				GCC_WARN_64_TO_32_BIT_CONVERSION = YES;
				GCC_WARN_ABOUT_RETURN_TYPE = YES_ERROR;
				GCC_WARN_UNDECLARED_SELECTOR = YES;
				GCC_WARN_UNINITIALIZED_AUTOS = YES_AGGRESSIVE;
				GCC_WARN_UNUSED_FUNCTION = YES;
				GCC_WARN_UNUSED_VARIABLE = YES;
				IPHONEOS_DEPLOYMENT_TARGET = 15.0;
				MTL_ENABLE_DEBUG_INFO = INCLUDE_SOURCE;
				MTL_FAST_MATH = YES;
				ONLY_ACTIVE_ARCH = YES;
				SDKROOT = iphoneos;
				SWIFT_ACTIVE_COMPILATION_CONDITIONS = DEBUG;
				SWIFT_OPTIMIZATION_LEVEL = "-Onone";
			};
			name = Debug;
		};
		29FCCABF2757F50F00EF566E /* Release */ = {
			isa = XCBuildConfiguration;
			buildSettings = {
				ALWAYS_SEARCH_USER_PATHS = NO;
				CLANG_ANALYZER_NONNULL = YES;
				CLANG_ANALYZER_NUMBER_OBJECT_CONVERSION = YES_AGGRESSIVE;
				CLANG_CXX_LANGUAGE_STANDARD = "gnu++17";
				CLANG_CXX_LIBRARY = "libc++";
				CLANG_ENABLE_MODULES = YES;
				CLANG_ENABLE_OBJC_ARC = YES;
				CLANG_ENABLE_OBJC_WEAK = YES;
				CLANG_WARN_BLOCK_CAPTURE_AUTORELEASING = YES;
				CLANG_WARN_BOOL_CONVERSION = YES;
				CLANG_WARN_COMMA = YES;
				CLANG_WARN_CONSTANT_CONVERSION = YES;
				CLANG_WARN_DEPRECATED_OBJC_IMPLEMENTATIONS = YES;
				CLANG_WARN_DIRECT_OBJC_ISA_USAGE = YES_ERROR;
				CLANG_WARN_DOCUMENTATION_COMMENTS = YES;
				CLANG_WARN_EMPTY_BODY = YES;
				CLANG_WARN_ENUM_CONVERSION = YES;
				CLANG_WARN_INFINITE_RECURSION = YES;
				CLANG_WARN_INT_CONVERSION = YES;
				CLANG_WARN_NON_LITERAL_NULL_CONVERSION = YES;
				CLANG_WARN_OBJC_IMPLICIT_RETAIN_SELF = YES;
				CLANG_WARN_OBJC_LITERAL_CONVERSION = YES;
				CLANG_WARN_OBJC_ROOT_CLASS = YES_ERROR;
				CLANG_WARN_QUOTED_INCLUDE_IN_FRAMEWORK_HEADER = YES;
				CLANG_WARN_RANGE_LOOP_ANALYSIS = YES;
				CLANG_WARN_STRICT_PROTOTYPES = YES;
				CLANG_WARN_SUSPICIOUS_MOVE = YES;
				CLANG_WARN_UNGUARDED_AVAILABILITY = YES_AGGRESSIVE;
				CLANG_WARN_UNREACHABLE_CODE = YES;
				CLANG_WARN__DUPLICATE_METHOD_MATCH = YES;
				COPY_PHASE_STRIP = NO;
				DEBUG_INFORMATION_FORMAT = "dwarf-with-dsym";
				ENABLE_NS_ASSERTIONS = NO;
				ENABLE_STRICT_OBJC_MSGSEND = YES;
				GCC_C_LANGUAGE_STANDARD = gnu11;
				GCC_NO_COMMON_BLOCKS = YES;
				GCC_WARN_64_TO_32_BIT_CONVERSION = YES;
				GCC_WARN_ABOUT_RETURN_TYPE = YES_ERROR;
				GCC_WARN_UNDECLARED_SELECTOR = YES;
				GCC_WARN_UNINITIALIZED_AUTOS = YES_AGGRESSIVE;
				GCC_WARN_UNUSED_FUNCTION = YES;
				GCC_WARN_UNUSED_VARIABLE = YES;
				IPHONEOS_DEPLOYMENT_TARGET = 15.0;
				MTL_ENABLE_DEBUG_INFO = NO;
				MTL_FAST_MATH = YES;
				SDKROOT = iphoneos;
				SWIFT_COMPILATION_MODE = wholemodule;
				SWIFT_OPTIMIZATION_LEVEL = "-O";
				VALIDATE_PRODUCT = YES;
			};
			name = Release;
		};
		29FCCAC12757F50F00EF566E /* Debug */ = {
			isa = XCBuildConfiguration;
			buildSettings = {
				ASSETCATALOG_COMPILER_APPICON_NAME = AppIcon;
				ASSETCATALOG_COMPILER_GLOBAL_ACCENT_COLOR_NAME = AccentColor;
				CODE_SIGN_STYLE = Automatic;
				CURRENT_PROJECT_VERSION = 1;
				DEVELOPMENT_TEAM = 42978H3GP3;
				GENERATE_INFOPLIST_FILE = YES;
				INFOPLIST_FILE = WhereAmI/Info.plist;
				INFOPLIST_KEY_UIApplicationSupportsIndirectInputEvents = YES;
				INFOPLIST_KEY_UILaunchStoryboardName = LaunchScreen;
				INFOPLIST_KEY_UIMainStoryboardFile = Main;
				INFOPLIST_KEY_UISupportedInterfaceOrientations_iPad = "UIInterfaceOrientationPortrait UIInterfaceOrientationPortraitUpsideDown UIInterfaceOrientationLandscapeLeft UIInterfaceOrientationLandscapeRight";
				INFOPLIST_KEY_UISupportedInterfaceOrientations_iPhone = "UIInterfaceOrientationPortrait UIInterfaceOrientationLandscapeLeft UIInterfaceOrientationLandscapeRight";
				LD_RUNPATH_SEARCH_PATHS = (
					"$(inherited)",
					"@executable_path/Frameworks",
				);
				MARKETING_VERSION = 1.0;
				PRODUCT_BUNDLE_IDENTIFIER = com.giovanni.WhereAmI;
				PRODUCT_NAME = "$(TARGET_NAME)";
				SWIFT_EMIT_LOC_STRINGS = YES;
				SWIFT_VERSION = 5.0;
				TARGETED_DEVICE_FAMILY = "1,2";
			};
			name = Debug;
		};
		29FCCAC22757F50F00EF566E /* Release */ = {
			isa = XCBuildConfiguration;
			buildSettings = {
				ASSETCATALOG_COMPILER_APPICON_NAME = AppIcon;
				ASSETCATALOG_COMPILER_GLOBAL_ACCENT_COLOR_NAME = AccentColor;
				CODE_SIGN_STYLE = Automatic;
				CURRENT_PROJECT_VERSION = 1;
				DEVELOPMENT_TEAM = 42978H3GP3;
				GENERATE_INFOPLIST_FILE = YES;
				INFOPLIST_FILE = WhereAmI/Info.plist;
				INFOPLIST_KEY_UIApplicationSupportsIndirectInputEvents = YES;
				INFOPLIST_KEY_UILaunchStoryboardName = LaunchScreen;
				INFOPLIST_KEY_UIMainStoryboardFile = Main;
				INFOPLIST_KEY_UISupportedInterfaceOrientations_iPad = "UIInterfaceOrientationPortrait UIInterfaceOrientationPortraitUpsideDown UIInterfaceOrientationLandscapeLeft UIInterfaceOrientationLandscapeRight";
				INFOPLIST_KEY_UISupportedInterfaceOrientations_iPhone = "UIInterfaceOrientationPortrait UIInterfaceOrientationLandscapeLeft UIInterfaceOrientationLandscapeRight";
				LD_RUNPATH_SEARCH_PATHS = (
					"$(inherited)",
					"@executable_path/Frameworks",
				);
				MARKETING_VERSION = 1.0;
				PRODUCT_BUNDLE_IDENTIFIER = com.giovanni.WhereAmI;
				PRODUCT_NAME = "$(TARGET_NAME)";
				SWIFT_EMIT_LOC_STRINGS = YES;
				SWIFT_VERSION = 5.0;
				TARGETED_DEVICE_FAMILY = "1,2";
			};
			name = Release;
		};
		29FCCAC42757F50F00EF566E /* Debug */ = {
			isa = XCBuildConfiguration;
			buildSettings = {
				ALWAYS_EMBED_SWIFT_STANDARD_LIBRARIES = YES;
				BUNDLE_LOADER = "$(TEST_HOST)";
				CODE_SIGN_STYLE = Automatic;
				CURRENT_PROJECT_VERSION = 1;
				DEVELOPMENT_TEAM = 42978H3GP3;
				GENERATE_INFOPLIST_FILE = YES;
				IPHONEOS_DEPLOYMENT_TARGET = 15.0;
				LD_RUNPATH_SEARCH_PATHS = (
					"$(inherited)",
					"@executable_path/Frameworks",
					"@loader_path/Frameworks",
				);
				MARKETING_VERSION = 1.0;
				PRODUCT_BUNDLE_IDENTIFIER = com.giovanni.WhereAmITests;
				PRODUCT_NAME = "$(TARGET_NAME)";
				SWIFT_EMIT_LOC_STRINGS = NO;
				SWIFT_VERSION = 5.0;
				TARGETED_DEVICE_FAMILY = "1,2";
				TEST_HOST = "$(BUILT_PRODUCTS_DIR)/WhereAmI.app/WhereAmI";
			};
			name = Debug;
		};
		29FCCAC52757F50F00EF566E /* Release */ = {
			isa = XCBuildConfiguration;
			buildSettings = {
				ALWAYS_EMBED_SWIFT_STANDARD_LIBRARIES = YES;
				BUNDLE_LOADER = "$(TEST_HOST)";
				CODE_SIGN_STYLE = Automatic;
				CURRENT_PROJECT_VERSION = 1;
				DEVELOPMENT_TEAM = 42978H3GP3;
				GENERATE_INFOPLIST_FILE = YES;
				IPHONEOS_DEPLOYMENT_TARGET = 15.0;
				LD_RUNPATH_SEARCH_PATHS = (
					"$(inherited)",
					"@executable_path/Frameworks",
					"@loader_path/Frameworks",
				);
				MARKETING_VERSION = 1.0;
				PRODUCT_BUNDLE_IDENTIFIER = com.giovanni.WhereAmITests;
				PRODUCT_NAME = "$(TARGET_NAME)";
				SWIFT_EMIT_LOC_STRINGS = NO;
				SWIFT_VERSION = 5.0;
				TARGETED_DEVICE_FAMILY = "1,2";
				TEST_HOST = "$(BUILT_PRODUCTS_DIR)/WhereAmI.app/WhereAmI";
			};
			name = Release;
		};
		29FCCAC72757F50F00EF566E /* Debug */ = {
			isa = XCBuildConfiguration;
			buildSettings = {
				ALWAYS_EMBED_SWIFT_STANDARD_LIBRARIES = YES;
				CODE_SIGN_STYLE = Automatic;
				CURRENT_PROJECT_VERSION = 1;
				DEVELOPMENT_TEAM = 42978H3GP3;
				GENERATE_INFOPLIST_FILE = YES;
				LD_RUNPATH_SEARCH_PATHS = (
					"$(inherited)",
					"@executable_path/Frameworks",
					"@loader_path/Frameworks",
				);
				MARKETING_VERSION = 1.0;
				PRODUCT_BUNDLE_IDENTIFIER = com.giovanni.WhereAmIUITests;
				PRODUCT_NAME = "$(TARGET_NAME)";
				SWIFT_EMIT_LOC_STRINGS = NO;
				SWIFT_VERSION = 5.0;
				TARGETED_DEVICE_FAMILY = "1,2";
				TEST_TARGET_NAME = WhereAmI;
			};
			name = Debug;
		};
		29FCCAC82757F50F00EF566E /* Release */ = {
			isa = XCBuildConfiguration;
			buildSettings = {
				ALWAYS_EMBED_SWIFT_STANDARD_LIBRARIES = YES;
				CODE_SIGN_STYLE = Automatic;
				CURRENT_PROJECT_VERSION = 1;
				DEVELOPMENT_TEAM = 42978H3GP3;
				GENERATE_INFOPLIST_FILE = YES;
				LD_RUNPATH_SEARCH_PATHS = (
					"$(inherited)",
					"@executable_path/Frameworks",
					"@loader_path/Frameworks",
				);
				MARKETING_VERSION = 1.0;
				PRODUCT_BUNDLE_IDENTIFIER = com.giovanni.WhereAmIUITests;
				PRODUCT_NAME = "$(TARGET_NAME)";
				SWIFT_EMIT_LOC_STRINGS = NO;
				SWIFT_VERSION = 5.0;
				TARGETED_DEVICE_FAMILY = "1,2";
				TEST_TARGET_NAME = WhereAmI;
			};
			name = Release;
		};
/* End XCBuildConfiguration section */

/* Begin XCConfigurationList section */
		29FCCA912757F50D00EF566E /* Build configuration list for PBXProject "WhereAmI" */ = {
			isa = XCConfigurationList;
			buildConfigurations = (
				29FCCABE2757F50F00EF566E /* Debug */,
				29FCCABF2757F50F00EF566E /* Release */,
			);
			defaultConfigurationIsVisible = 0;
			defaultConfigurationName = Release;
		};
		29FCCAC02757F50F00EF566E /* Build configuration list for PBXNativeTarget "WhereAmI" */ = {
			isa = XCConfigurationList;
			buildConfigurations = (
				29FCCAC12757F50F00EF566E /* Debug */,
				29FCCAC22757F50F00EF566E /* Release */,
			);
			defaultConfigurationIsVisible = 0;
			defaultConfigurationName = Release;
		};
		29FCCAC32757F50F00EF566E /* Build configuration list for PBXNativeTarget "WhereAmITests" */ = {
			isa = XCConfigurationList;
			buildConfigurations = (
				29FCCAC42757F50F00EF566E /* Debug */,
				29FCCAC52757F50F00EF566E /* Release */,
			);
			defaultConfigurationIsVisible = 0;
			defaultConfigurationName = Release;
		};
		29FCCAC62757F50F00EF566E /* Build configuration list for PBXNativeTarget "WhereAmIUITests" */ = {
			isa = XCConfigurationList;
			buildConfigurations = (
				29FCCAC72757F50F00EF566E /* Debug */,
				29FCCAC82757F50F00EF566E /* Release */,
			);
			defaultConfigurationIsVisible = 0;
			defaultConfigurationName = Release;
		};
/* End XCConfigurationList section */
	};
	rootObject = 29FCCA8E2757F50D00EF566E /* Project object */;
}
